// !$*UTF8*$!
{
	archiveVersion = 1;
	classes = {
	};
	objectVersion = 46;
	objects = {

/* Begin PBXBuildFile section */
		BF9C95AE1F54E626004DAC94 /* AppDelegate.swift in Sources */ = {isa = PBXBuildFile; fileRef = BF9C95AD1F54E626004DAC94 /* AppDelegate.swift */; };
		BF9C95B01F54E626004DAC94 /* ViewController.swift in Sources */ = {isa = PBXBuildFile; fileRef = BF9C95AF1F54E626004DAC94 /* ViewController.swift */; };
		BF9C95B31F54E626004DAC94 /* Main.storyboard in Resources */ = {isa = PBXBuildFile; fileRef = BF9C95B11F54E626004DAC94 /* Main.storyboard */; };
		BF9C95B51F54E626004DAC94 /* Assets.xcassets in Resources */ = {isa = PBXBuildFile; fileRef = BF9C95B41F54E626004DAC94 /* Assets.xcassets */; };
		BF9C95B81F54E626004DAC94 /* LaunchScreen.storyboard in Resources */ = {isa = PBXBuildFile; fileRef = BF9C95B61F54E626004DAC94 /* LaunchScreen.storyboard */; };
/* End PBXBuildFile section */

/* Begin PBXFileReference section */
		BF9C95AA1F54E626004DAC94 /* WhatsTheMove.app */ = {isa = PBXFileReference; explicitFileType = wrapper.application; includeInIndex = 0; path = WhatsTheMove.app; sourceTree = BUILT_PRODUCTS_DIR; };
		BF9C95AD1F54E626004DAC94 /* AppDelegate.swift */ = {isa = PBXFileReference; lastKnownFileType = sourcecode.swift; path = AppDelegate.swift; sourceTree = "<group>"; };
		BF9C95AF1F54E626004DAC94 /* ViewController.swift */ = {isa = PBXFileReference; lastKnownFileType = sourcecode.swift; path = ViewController.swift; sourceTree = "<group>"; };
		BF9C95B21F54E626004DAC94 /* Base */ = {isa = PBXFileReference; lastKnownFileType = file.storyboard; name = Base; path = Base.lproj/Main.storyboard; sourceTree = "<group>"; };
		BF9C95B41F54E626004DAC94 /* Assets.xcassets */ = {isa = PBXFileReference; lastKnownFileType = folder.assetcatalog; path = Assets.xcassets; sourceTree = "<group>"; };
		BF9C95B71F54E626004DAC94 /* Base */ = {isa = PBXFileReference; lastKnownFileType = file.storyboard; name = Base; path = Base.lproj/LaunchScreen.storyboard; sourceTree = "<group>"; };
		BF9C95B91F54E626004DAC94 /* Info.plist */ = {isa = PBXFileReference; lastKnownFileType = text.plist.xml; path = Info.plist; sourceTree = "<group>"; };
/* End PBXFileReference section */

/* Begin PBXFrameworksBuildPhase section */
		BF9C95A71F54E626004DAC94 /* Frameworks */ = {
			isa = PBXFrameworksBuildPhase;
			buildActionMask = 2147483647;
			files = (
			);
			runOnlyForDeploymentPostprocessing = 0;
		};
/* End PBXFrameworksBuildPhase section */

/* Begin PBXGroup section */
		BF9C95A11F54E626004DAC94 = {
			isa = PBXGroup;
			children = (
				BF9C95AC1F54E626004DAC94 /* WhatsTheMove */,
				BF9C95AB1F54E626004DAC94 /* Products */,
			);
			sourceTree = "<group>";
		};
		BF9C95AB1F54E626004DAC94 /* Products */ = {
			isa = PBXGroup;
			children = (
				BF9C95AA1F54E626004DAC94 /* WhatsTheMove.app */,
			);
			name = Products;
			sourceTree = "<group>";
		};
		BF9C95AC1F54E626004DAC94 /* WhatsTheMove */ = {
			isa = PBXGroup;
			children = (
				BF9C95AD1F54E626004DAC94 /* AppDelegate.swift */,
				BF9C95AF1F54E626004DAC94 /* ViewController.swift */,
				BF9C95B11F54E626004DAC94 /* Main.storyboard */,
				BF9C95B41F54E626004DAC94 /* Assets.xcassets */,
				BF9C95B61F54E626004DAC94 /* LaunchScreen.storyboard */,
				BF9C95B91F54E626004DAC94 /* Info.plist */,
			);
			path = WhatsTheMove;
			sourceTree = "<group>";
		};
/* End PBXGroup section */

/* Begin PBXNativeTarget section */
		BF9C95A91F54E626004DAC94 /* WhatsTheMove */ = {
			isa = PBXNativeTarget;
			buildConfigurationList = BF9C95BC1F54E626004DAC94 /* Build configuration list for PBXNativeTarget "WhatsTheMove" */;
			buildPhases = (
				BF9C95A61F54E626004DAC94 /* Sources */,
				BF9C95A71F54E626004DAC94 /* Frameworks */,
				BF9C95A81F54E626004DAC94 /* Resources */,
			);
			buildRules = (
			);
			dependencies = (
			);
			name = WhatsTheMove;
			productName = WhatsTheMove;
			productReference = BF9C95AA1F54E626004DAC94 /* WhatsTheMove.app */;
			productType = "com.apple.product-type.application";
		};
/* End PBXNativeTarget section */

/* Begin PBXProject section */
		BF9C95A21F54E626004DAC94 /* Project object */ = {
			isa = PBXProject;
			attributes = {
				LastSwiftUpdateCheck = 0810;
				LastUpgradeCheck = 0810;
				ORGANIZATIONNAME = "JCCC Applications";
				TargetAttributes = {
					BF9C95A91F54E626004DAC94 = {
						CreatedOnToolsVersion = 8.1;
						DevelopmentTeam = MF5BP5KTQ9;
						ProvisioningStyle = Automatic;
					};
				};
			};
			buildConfigurationList = BF9C95A51F54E626004DAC94 /* Build configuration list for PBXProject "WhatsTheMove" */;
			compatibilityVersion = "Xcode 3.2";
			developmentRegion = English;
			hasScannedForEncodings = 0;
			knownRegions = (
				en,
				Base,
			);
			mainGroup = BF9C95A11F54E626004DAC94;
			productRefGroup = BF9C95AB1F54E626004DAC94 /* Products */;
			projectDirPath = "";
			projectRoot = "";
			targets = (
				BF9C95A91F54E626004DAC94 /* WhatsTheMove */,
			);
		};
/* End PBXProject section */

/* Begin PBXResourcesBuildPhase section */
		BF9C95A81F54E626004DAC94 /* Resources */ = {
			isa = PBXResourcesBuildPhase;
			buildActionMask = 2147483647;
			files = (
				BF9C95B81F54E626004DAC94 /* LaunchScreen.storyboard in Resources */,
				BF9C95B51F54E626004DAC94 /* Assets.xcassets in Resources */,
				BF9C95B31F54E626004DAC94 /* Main.storyboard in Resources */,
			);
			runOnlyForDeploymentPostprocessing = 0;
		};
/* End PBXResourcesBuildPhase section */

/* Begin PBXSourcesBuildPhase section */
		BF9C95A61F54E626004DAC94 /* Sources */ = {
			isa = PBXSourcesBuildPhase;
			buildActionMask = 2147483647;
			files = (
				BF9C95B01F54E626004DAC94 /* ViewController.swift in Sources */,
				BF9C95AE1F54E626004DAC94 /* AppDelegate.swift in Sources */,
			);
			runOnlyForDeploymentPostprocessing = 0;
		};
/* End PBXSourcesBuildPhase section */

/* Begin PBXVariantGroup section */
		BF9C95B11F54E626004DAC94 /* Main.storyboard */ = {
			isa = PBXVariantGroup;
			children = (
				BF9C95B21F54E626004DAC94 /* Base */,
			);
			name = Main.storyboard;
			sourceTree = "<group>";
		};
		BF9C95B61F54E626004DAC94 /* LaunchScreen.storyboard */ = {
			isa = PBXVariantGroup;
			children = (
				BF9C95B71F54E626004DAC94 /* Base */,
			);
			name = LaunchScreen.storyboard;
			sourceTree = "<group>";
		};
/* End PBXVariantGroup section */

/* Begin XCBuildConfiguration section */
		BF9C95BA1F54E626004DAC94 /* Debug */ = {
			isa = XCBuildConfiguration;
			buildSettings = {
				ALWAYS_SEARCH_USER_PATHS = NO;
				CLANG_ANALYZER_NONNULL = YES;
				CLANG_CXX_LANGUAGE_STANDARD = "gnu++0x";
				CLANG_CXX_LIBRARY = "libc++";
				CLANG_ENABLE_MODULES = YES;
				CLANG_ENABLE_OBJC_ARC = YES;
				CLANG_WARN_BOOL_CONVERSION = YES;
				CLANG_WARN_CONSTANT_CONVERSION = YES;
				CLANG_WARN_DIRECT_OBJC_ISA_USAGE = YES_ERROR;
				CLANG_WARN_DOCUMENTATION_COMMENTS = YES;
				CLANG_WARN_EMPTY_BODY = YES;
				CLANG_WARN_ENUM_CONVERSION = YES;
				CLANG_WARN_INFINITE_RECURSION = YES;
				CLANG_WARN_INT_CONVERSION = YES;
				CLANG_WARN_OBJC_ROOT_CLASS = YES_ERROR;
				CLANG_WARN_SUSPICIOUS_MOVES = YES;
				CLANG_WARN_UNREACHABLE_CODE = YES;
				CLANG_WARN__DUPLICATE_METHOD_MATCH = YES;
				"CODE_SIGN_IDENTITY[sdk=iphoneos*]" = "iPhone Developer";
				COPY_PHASE_STRIP = NO;
				DEBUG_INFORMATION_FORMAT = dwarf;
				ENABLE_STRICT_OBJC_MSGSEND = YES;
				ENABLE_TESTABILITY = YES;
				GCC_C_LANGUAGE_STANDARD = gnu99;
				GCC_DYNAMIC_NO_PIC = NO;
				GCC_NO_COMMON_BLOCKS = YES;
				GCC_OPTIMIZATION_LEVEL = 0;
				GCC_PREPROCESSOR_DEFINITIONS = (
					"DEBUG=1",
					"$(inherited)",
				);
				GCC_WARN_64_TO_32_BIT_CONVERSION = YES;
				GCC_WARN_ABOUT_RETURN_TYPE = YES_ERROR;
				GCC_WARN_UNDECLARED_SELECTOR = YES;
				GCC_WARN_UNINITIALIZED_AUTOS = YES_AGGRESSIVE;
				GCC_WARN_UNUSED_FUNCTION = YES;
				GCC_WARN_UNUSED_VARIABLE = YES;
				IPHONEOS_DEPLOYMENT_TARGET = 10.1;
				MTL_ENABLE_DEBUG_INFO = YES;
				ONLY_ACTIVE_ARCH = YES;
				SDKROOT = iphoneos;
				SWIFT_ACTIVE_COMPILATION_CONDITIONS = DEBUG;
				SWIFT_OPTIMIZATION_LEVEL = "-Onone";
				TARGETED_DEVICE_FAMILY = "1,2";
			};
			name = Debug;
		};
		BF9C95BB1F54E626004DAC94 /* Release */ = {
			isa = XCBuildConfiguration;
			buildSettings = {
				ALWAYS_SEARCH_USER_PATHS = NO;
				CLANG_ANALYZER_NONNULL = YES;
				CLANG_CXX_LANGUAGE_STANDARD = "gnu++0x";
				CLANG_CXX_LIBRARY = "libc++";
				CLANG_ENABLE_MODULES = YES;
				CLANG_ENABLE_OBJC_ARC = YES;
				CLANG_WARN_BOOL_CONVERSION = YES;
				CLANG_WARN_CONSTANT_CONVERSION = YES;
				CLANG_WARN_DIRECT_OBJC_ISA_USAGE = YES_ERROR;
				CLANG_WARN_DOCUMENTATION_COMMENTS = YES;
				CLANG_WARN_EMPTY_BODY = YES;
				CLANG_WARN_ENUM_CONVERSION = YES;
				CLANG_WARN_INFINITE_RECURSION = YES;
				CLANG_WARN_INT_CONVERSION = YES;
				CLANG_WARN_OBJC_ROOT_CLASS = YES_ERROR;
				CLANG_WARN_SUSPICIOUS_MOVES = YES;
				CLANG_WARN_UNREACHABLE_CODE = YES;
				CLANG_WARN__DUPLICATE_METHOD_MATCH = YES;
				"CODE_SIGN_IDENTITY[sdk=iphoneos*]" = "iPhone Developer";
				COPY_PHASE_STRIP = NO;
				DEBUG_INFORMATION_FORMAT = "dwarf-with-dsym";
				ENABLE_NS_ASSERTIONS = NO;
				ENABLE_STRICT_OBJC_MSGSEND = YES;
				GCC_C_LANGUAGE_STANDARD = gnu99;
				GCC_NO_COMMON_BLOCKS = YES;
				GCC_WARN_64_TO_32_BIT_CONVERSION = YES;
				GCC_WARN_ABOUT_RETURN_TYPE = YES_ERROR;
				GCC_WARN_UNDECLARED_SELECTOR = YES;
				GCC_WARN_UNINITIALIZED_AUTOS = YES_AGGRESSIVE;
				GCC_WARN_UNUSED_FUNCTION = YES;
				GCC_WARN_UNUSED_VARIABLE = YES;
				IPHONEOS_DEPLOYMENT_TARGET = 10.1;
				MTL_ENABLE_DEBUG_INFO = NO;
				SDKROOT = iphoneos;
				SWIFT_OPTIMIZATION_LEVEL = "-Owholemodule";
				TARGETED_DEVICE_FAMILY = "1,2";
				VALIDATE_PRODUCT = YES;
			};
			name = Release;
		};
		BF9C95BD1F54E626004DAC94 /* Debug */ = {
			isa = XCBuildConfiguration;
			buildSettings = {
				ASSETCATALOG_COMPILER_APPICON_NAME = AppIcon;
				DEVELOPMENT_TEAM = MF5BP5KTQ9;
				INFOPLIST_FILE = WhatsTheMove/Info.plist;
				LD_RUNPATH_SEARCH_PATHS = "$(inherited) @executable_path/Frameworks";
				PRODUCT_BUNDLE_IDENTIFIER = JCCC.WhatsTheMove;
				PRODUCT_NAME = "$(TARGET_NAME)";
				SWIFT_VERSION = 3.0;
			};
			name = Debug;
		};
		BF9C95BE1F54E626004DAC94 /* Release */ = {
			isa = XCBuildConfiguration;
			buildSettings = {
				ASSETCATALOG_COMPILER_APPICON_NAME = AppIcon;
				DEVELOPMENT_TEAM = MF5BP5KTQ9;
				INFOPLIST_FILE = WhatsTheMove/Info.plist;
				LD_RUNPATH_SEARCH_PATHS = "$(inherited) @executable_path/Frameworks";
				PRODUCT_BUNDLE_IDENTIFIER = JCCC.WhatsTheMove;
				PRODUCT_NAME = "$(TARGET_NAME)";
				SWIFT_VERSION = 3.0;
			};
			name = Release;
		};
/* End XCBuildConfiguration section */

/* Begin XCConfigurationList section */
		BF9C95A51F54E626004DAC94 /* Build configuration list for PBXProject "WhatsTheMove" */ = {
			isa = XCConfigurationList;
			buildConfigurations = (
				BF9C95BA1F54E626004DAC94 /* Debug */,
				BF9C95BB1F54E626004DAC94 /* Release */,
			);
			defaultConfigurationIsVisible = 0;
			defaultConfigurationName = Release;
		};
		BF9C95BC1F54E626004DAC94 /* Build configuration list for PBXNativeTarget "WhatsTheMove" */ = {
			isa = XCConfigurationList;
			buildConfigurations = (
				BF9C95BD1F54E626004DAC94 /* Debug */,
				BF9C95BE1F54E626004DAC94 /* Release */,
			);
			defaultConfigurationIsVisible = 0;
		};
/* End XCConfigurationList section */
	};
	rootObject = BF9C95A21F54E626004DAC94 /* Project object */;
}
